// !$*UTF8*$!
{
	archiveVersion = 1;
	classes = {
	};
	objectVersion = 77;
	objects = {

/* Begin PBXContainerItemProxy section */
		085AD4B42DBCC59800EEE96B /* PBXContainerItemProxy */ = {
			isa = PBXContainerItemProxy;
			containerPortal = 085AD49E2DBCC59600EEE96B /* Project object */;
			proxyType = 1;
			remoteGlobalIDString = 085AD4A52DBCC59600EEE96B;
			remoteInfo = Atlys;
		};
		085AD4BE2DBCC59800EEE96B /* PBXContainerItemProxy */ = {
			isa = PBXContainerItemProxy;
			containerPortal = 085AD49E2DBCC59600EEE96B /* Project object */;
			proxyType = 1;
			remoteGlobalIDString = 085AD4A52DBCC59600EEE96B;
			remoteInfo = Atlys;
		};
/* End PBXContainerItemProxy section */

/* Begin PBXFileReference section */
		085AD4A62DBCC59600EEE96B /* Atlys.app */ = {isa = PBXFileReference; explicitFileType = wrapper.application; includeInIndex = 0; path = Atlys.app; sourceTree = BUILT_PRODUCTS_DIR; };
		085AD4B32DBCC59800EEE96B /* AtlysTests.xctest */ = {isa = PBXFileReference; explicitFileType = wrapper.cfbundle; includeInIndex = 0; path = AtlysTests.xctest; sourceTree = BUILT_PRODUCTS_DIR; };
		085AD4BD2DBCC59800EEE96B /* AtlysUITests.xctest */ = {isa = PBXFileReference; explicitFileType = wrapper.cfbundle; includeInIndex = 0; path = AtlysUITests.xctest; sourceTree = BUILT_PRODUCTS_DIR; };
/* End PBXFileReference section */

/* Begin PBXFileSystemSynchronizedRootGroup section */
		085AD4A82DBCC59600EEE96B /* Atlys */ = {
			isa = PBXFileSystemSynchronizedRootGroup;
			path = Atlys;
			sourceTree = "<group>";
		};
		085AD4B62DBCC59800EEE96B /* AtlysTests */ = {
			isa = PBXFileSystemSynchronizedRootGroup;
			path = AtlysTests;
			sourceTree = "<group>";
		};
		085AD4C02DBCC59800EEE96B /* AtlysUITests */ = {
			isa = PBXFileSystemSynchronizedRootGroup;
			path = AtlysUITests;
			sourceTree = "<group>";
		};
/* End PBXFileSystemSynchronizedRootGroup section */

/* Begin PBXFrameworksBuildPhase section */
		085AD4A32DBCC59600EEE96B /* Frameworks */ = {
			isa = PBXFrameworksBuildPhase;
			buildActionMask = 2147483647;
			files = (
			);
			runOnlyForDeploymentPostprocessing = 0;
		};
		085AD4B02DBCC59800EEE96B /* Frameworks */ = {
			isa = PBXFrameworksBuildPhase;
			buildActionMask = 2147483647;
			files = (
			);
			runOnlyForDeploymentPostprocessing = 0;
		};
		085AD4BA2DBCC59800EEE96B /* Frameworks */ = {
			isa = PBXFrameworksBuildPhase;
			buildActionMask = 2147483647;
			files = (
			);
			runOnlyForDeploymentPostprocessing = 0;
		};
/* End PBXFrameworksBuildPhase section */

/* Begin PBXGroup section */
		085AD49D2DBCC59600EEE96B = {
			isa = PBXGroup;
			children = (
				085AD4A82DBCC59600EEE96B /* Atlys */,
				085AD4B62DBCC59800EEE96B /* AtlysTests */,
				085AD4C02DBCC59800EEE96B /* AtlysUITests */,
				085AD4A72DBCC59600EEE96B /* Products */,
			);
			sourceTree = "<group>";
		};
		085AD4A72DBCC59600EEE96B /* Products */ = {
			isa = PBXGroup;
			children = (
				085AD4A62DBCC59600EEE96B /* Atlys.app */,
				085AD4B32DBCC59800EEE96B /* AtlysTests.xctest */,
				085AD4BD2DBCC59800EEE96B /* AtlysUITests.xctest */,
			);
			name = Products;
			sourceTree = "<group>";
		};
/* End PBXGroup section */

/* Begin PBXNativeTarget section */
		085AD4A52DBCC59600EEE96B /* Atlys */ = {
			isa = PBXNativeTarget;
			buildConfigurationList = 085AD4C72DBCC59800EEE96B /* Build configuration list for PBXNativeTarget "Atlys" */;
			buildPhases = (
				085AD4A22DBCC59600EEE96B /* Sources */,
				085AD4A32DBCC59600EEE96B /* Frameworks */,
				085AD4A42DBCC59600EEE96B /* Resources */,
			);
			buildRules = (
			);
			dependencies = (
			);
			fileSystemSynchronizedGroups = (
				085AD4A82DBCC59600EEE96B /* Atlys */,
			);
			name = Atlys;
			packageProductDependencies = (
			);
			productName = Atlys;
			productReference = 085AD4A62DBCC59600EEE96B /* Atlys.app */;
			productType = "com.apple.product-type.application";
		};
		085AD4B22DBCC59800EEE96B /* AtlysTests */ = {
			isa = PBXNativeTarget;
			buildConfigurationList = 085AD4CA2DBCC59800EEE96B /* Build configuration list for PBXNativeTarget "AtlysTests" */;
			buildPhases = (
				085AD4AF2DBCC59800EEE96B /* Sources */,
				085AD4B02DBCC59800EEE96B /* Frameworks */,
				085AD4B12DBCC59800EEE96B /* Resources */,
			);
			buildRules = (
			);
			dependencies = (
				085AD4B52DBCC59800EEE96B /* PBXTargetDependency */,
			);
			fileSystemSynchronizedGroups = (
				085AD4B62DBCC59800EEE96B /* AtlysTests */,
			);
			name = AtlysTests;
			packageProductDependencies = (
			);
			productName = AtlysTests;
			productReference = 085AD4B32DBCC59800EEE96B /* AtlysTests.xctest */;
			productType = "com.apple.product-type.bundle.unit-test";
		};
		085AD4BC2DBCC59800EEE96B /* AtlysUITests */ = {
			isa = PBXNativeTarget;
			buildConfigurationList = 085AD4CD2DBCC59800EEE96B /* Build configuration list for PBXNativeTarget "AtlysUITests" */;
			buildPhases = (
				085AD4B92DBCC59800EEE96B /* Sources */,
				085AD4BA2DBCC59800EEE96B /* Frameworks */,
				085AD4BB2DBCC59800EEE96B /* Resources */,
			);
			buildRules = (
			);
			dependencies = (
				085AD4BF2DBCC59800EEE96B /* PBXTargetDependency */,
			);
			fileSystemSynchronizedGroups = (
				085AD4C02DBCC59800EEE96B /* AtlysUITests */,
			);
			name = AtlysUITests;
			packageProductDependencies = (
			);
			productName = AtlysUITests;
			productReference = 085AD4BD2DBCC59800EEE96B /* AtlysUITests.xctest */;
			productType = "com.apple.product-type.bundle.ui-testing";
		};
/* End PBXNativeTarget section */

/* Begin PBXProject section */
		085AD49E2DBCC59600EEE96B /* Project object */ = {
			isa = PBXProject;
			attributes = {
				BuildIndependentTargetsInParallel = 1;
				LastSwiftUpdateCheck = 1630;
				LastUpgradeCheck = 1630;
				TargetAttributes = {
					085AD4A52DBCC59600EEE96B = {
						CreatedOnToolsVersion = 16.3;
					};
					085AD4B22DBCC59800EEE96B = {
						CreatedOnToolsVersion = 16.3;
						TestTargetID = 085AD4A52DBCC59600EEE96B;
					};
					085AD4BC2DBCC59800EEE96B = {
						CreatedOnToolsVersion = 16.3;
						TestTargetID = 085AD4A52DBCC59600EEE96B;
					};
				};
			};
			buildConfigurationList = 085AD4A12DBCC59600EEE96B /* Build configuration list for PBXProject "Atlys" */;
			developmentRegion = en;
			hasScannedForEncodings = 0;
			knownRegions = (
				en,
				Base,
			);
			mainGroup = 085AD49D2DBCC59600EEE96B;
			minimizedProjectReferenceProxies = 1;
			preferredProjectObjectVersion = 77;
			productRefGroup = 085AD4A72DBCC59600EEE96B /* Products */;
			projectDirPath = "";
			projectRoot = "";
			targets = (
				085AD4A52DBCC59600EEE96B /* Atlys */,
				085AD4B22DBCC59800EEE96B /* AtlysTests */,
				085AD4BC2DBCC59800EEE96B /* AtlysUITests */,
			);
		};
/* End PBXProject section */

/* Begin PBXResourcesBuildPhase section */
		085AD4A42DBCC59600EEE96B /* Resources */ = {
			isa = PBXResourcesBuildPhase;
			buildActionMask = 2147483647;
			files = (
			);
			runOnlyForDeploymentPostprocessing = 0;
		};
		085AD4B12DBCC59800EEE96B /* Resources */ = {
			isa = PBXResourcesBuildPhase;
			buildActionMask = 2147483647;
			files = (
			);
			runOnlyForDeploymentPostprocessing = 0;
		};
		085AD4BB2DBCC59800EEE96B /* Resources */ = {
			isa = PBXResourcesBuildPhase;
			buildActionMask = 2147483647;
			files = (
			);
			runOnlyForDeploymentPostprocessing = 0;
		};
/* End PBXResourcesBuildPhase section */

/* Begin PBXSourcesBuildPhase section */
		085AD4A22DBCC59600EEE96B /* Sources */ = {
			isa = PBXSourcesBuildPhase;
			buildActionMask = 2147483647;
			files = (
			);
			runOnlyForDeploymentPostprocessing = 0;
		};
		085AD4AF2DBCC59800EEE96B /* Sources */ = {
			isa = PBXSourcesBuildPhase;
			buildActionMask = 2147483647;
			files = (
			);
			runOnlyForDeploymentPostprocessing = 0;
		};
		085AD4B92DBCC59800EEE96B /* Sources */ = {
			isa = PBXSourcesBuildPhase;
			buildActionMask = 2147483647;
			files = (
			);
			runOnlyForDeploymentPostprocessing = 0;
		};
/* End PBXSourcesBuildPhase section */

/* Begin PBXTargetDependency section */
		085AD4B52DBCC59800EEE96B /* PBXTargetDependency */ = {
			isa = PBXTargetDependency;
			target = 085AD4A52DBCC59600EEE96B /* Atlys */;
			targetProxy = 085AD4B42DBCC59800EEE96B /* PBXContainerItemProxy */;
		};
		085AD4BF2DBCC59800EEE96B /* PBXTargetDependency */ = {
			isa = PBXTargetDependency;
			target = 085AD4A52DBCC59600EEE96B /* Atlys */;
			targetProxy = 085AD4BE2DBCC59800EEE96B /* PBXContainerItemProxy */;
		};
/* End PBXTargetDependency section */

/* Begin XCBuildConfiguration section */
		085AD4C52DBCC59800EEE96B /* Debug */ = {
			isa = XCBuildConfiguration;
			buildSettings = {
				ALWAYS_SEARCH_USER_PATHS = NO;
				ASSETCATALOG_COMPILER_GENERATE_SWIFT_ASSET_SYMBOL_EXTENSIONS = YES;
				CLANG_ANALYZER_NONNULL = YES;
				CLANG_ANALYZER_NUMBER_OBJECT_CONVERSION = YES_AGGRESSIVE;
				CLANG_CXX_LANGUAGE_STANDARD = "gnu++20";
				CLANG_ENABLE_MODULES = YES;
				CLANG_ENABLE_OBJC_ARC = YES;
				CLANG_ENABLE_OBJC_WEAK = YES;
				CLANG_WARN_BLOCK_CAPTURE_AUTORELEASING = YES;
				CLANG_WARN_BOOL_CONVERSION = YES;
				CLANG_WARN_COMMA = YES;
				CLANG_WARN_CONSTANT_CONVERSION = YES;
				CLANG_WARN_DEPRECATED_OBJC_IMPLEMENTATIONS = YES;
				CLANG_WARN_DIRECT_OBJC_ISA_USAGE = YES_ERROR;
				CLANG_WARN_DOCUMENTATION_COMMENTS = YES;
				CLANG_WARN_EMPTY_BODY = YES;
				CLANG_WARN_ENUM_CONVERSION = YES;
				CLANG_WARN_INFINITE_RECURSION = YES;
				CLANG_WARN_INT_CONVERSION = YES;
				CLANG_WARN_NON_LITERAL_NULL_CONVERSION = YES;
				CLANG_WARN_OBJC_IMPLICIT_RETAIN_SELF = YES;
				CLANG_WARN_OBJC_LITERAL_CONVERSION = YES;
				CLANG_WARN_OBJC_ROOT_CLASS = YES_ERROR;
				CLANG_WARN_QUOTED_INCLUDE_IN_FRAMEWORK_HEADER = YES;
				CLANG_WARN_RANGE_LOOP_ANALYSIS = YES;
				CLANG_WARN_STRICT_PROTOTYPES = YES;
				CLANG_WARN_SUSPICIOUS_MOVE = YES;
				CLANG_WARN_UNGUARDED_AVAILABILITY = YES_AGGRESSIVE;
				CLANG_WARN_UNREACHABLE_CODE = YES;
				CLANG_WARN__DUPLICATE_METHOD_MATCH = YES;
				COPY_PHASE_STRIP = NO;
				DEBUG_INFORMATION_FORMAT = dwarf;
				DEVELOPMENT_TEAM = 64TW3ZZ3CG;
				ENABLE_STRICT_OBJC_MSGSEND = YES;
				ENABLE_TESTABILITY = YES;
				ENABLE_USER_SCRIPT_SANDBOXING = YES;
				GCC_C_LANGUAGE_STANDARD = gnu17;
				GCC_DYNAMIC_NO_PIC = NO;
				GCC_NO_COMMON_BLOCKS = YES;
				GCC_OPTIMIZATION_LEVEL = 0;
				GCC_PREPROCESSOR_DEFINITIONS = (
					"DEBUG=1",
					"$(inherited)",
				);
				GCC_WARN_64_TO_32_BIT_CONVERSION = YES;
				GCC_WARN_ABOUT_RETURN_TYPE = YES_ERROR;
				GCC_WARN_UNDECLARED_SELECTOR = YES;
				GCC_WARN_UNINITIALIZED_AUTOS = YES_AGGRESSIVE;
				GCC_WARN_UNUSED_FUNCTION = YES;
				GCC_WARN_UNUSED_VARIABLE = YES;
				IPHONEOS_DEPLOYMENT_TARGET = 18.4;
				LOCALIZATION_PREFERS_STRING_CATALOGS = YES;
				MTL_ENABLE_DEBUG_INFO = INCLUDE_SOURCE;
				MTL_FAST_MATH = YES;
				ONLY_ACTIVE_ARCH = YES;
				SDKROOT = iphoneos;
				SWIFT_ACTIVE_COMPILATION_CONDITIONS = "DEBUG $(inherited)";
				SWIFT_OPTIMIZATION_LEVEL = "-Onone";
			};
			name = Debug;
		};
		085AD4C62DBCC59800EEE96B /* Release */ = {
			isa = XCBuildConfiguration;
			buildSettings = {
				ALWAYS_SEARCH_USER_PATHS = NO;
				ASSETCATALOG_COMPILER_GENERATE_SWIFT_ASSET_SYMBOL_EXTENSIONS = YES;
				CLANG_ANALYZER_NONNULL = YES;
				CLANG_ANALYZER_NUMBER_OBJECT_CONVERSION = YES_AGGRESSIVE;
				CLANG_CXX_LANGUAGE_STANDARD = "gnu++20";
				CLANG_ENABLE_MODULES = YES;
				CLANG_ENABLE_OBJC_ARC = YES;
				CLANG_ENABLE_OBJC_WEAK = YES;
				CLANG_WARN_BLOCK_CAPTURE_AUTORELEASING = YES;
				CLANG_WARN_BOOL_CONVERSION = YES;
				CLANG_WARN_COMMA = YES;
				CLANG_WARN_CONSTANT_CONVERSION = YES;
				CLANG_WARN_DEPRECATED_OBJC_IMPLEMENTATIONS = YES;
				CLANG_WARN_DIRECT_OBJC_ISA_USAGE = YES_ERROR;
				CLANG_WARN_DOCUMENTATION_COMMENTS = YES;
				CLANG_WARN_EMPTY_BODY = YES;
				CLANG_WARN_ENUM_CONVERSION = YES;
				CLANG_WARN_INFINITE_RECURSION = YES;
				CLANG_WARN_INT_CONVERSION = YES;
				CLANG_WARN_NON_LITERAL_NULL_CONVERSION = YES;
				CLANG_WARN_OBJC_IMPLICIT_RETAIN_SELF = YES;
				CLANG_WARN_OBJC_LITERAL_CONVERSION = YES;
				CLANG_WARN_OBJC_ROOT_CLASS = YES_ERROR;
				CLANG_WARN_QUOTED_INCLUDE_IN_FRAMEWORK_HEADER = YES;
				CLANG_WARN_RANGE_LOOP_ANALYSIS = YES;
				CLANG_WARN_STRICT_PROTOTYPES = YES;
				CLANG_WARN_SUSPICIOUS_MOVE = YES;
				CLANG_WARN_UNGUARDED_AVAILABILITY = YES_AGGRESSIVE;
				CLANG_WARN_UNREACHABLE_CODE = YES;
				CLANG_WARN__DUPLICATE_METHOD_MATCH = YES;
				COPY_PHASE_STRIP = NO;
				DEBUG_INFORMATION_FORMAT = "dwarf-with-dsym";
				DEVELOPMENT_TEAM = 64TW3ZZ3CG;
				ENABLE_NS_ASSERTIONS = NO;
				ENABLE_STRICT_OBJC_MSGSEND = YES;
				ENABLE_USER_SCRIPT_SANDBOXING = YES;
				GCC_C_LANGUAGE_STANDARD = gnu17;
				GCC_NO_COMMON_BLOCKS = YES;
				GCC_WARN_64_TO_32_BIT_CONVERSION = YES;
				GCC_WARN_ABOUT_RETURN_TYPE = YES_ERROR;
				GCC_WARN_UNDECLARED_SELECTOR = YES;
				GCC_WARN_UNINITIALIZED_AUTOS = YES_AGGRESSIVE;
				GCC_WARN_UNUSED_FUNCTION = YES;
				GCC_WARN_UNUSED_VARIABLE = YES;
				IPHONEOS_DEPLOYMENT_TARGET = 18.4;
				LOCALIZATION_PREFERS_STRING_CATALOGS = YES;
				MTL_ENABLE_DEBUG_INFO = NO;
				MTL_FAST_MATH = YES;
				SDKROOT = iphoneos;
				SWIFT_COMPILATION_MODE = wholemodule;
				VALIDATE_PRODUCT = YES;
			};
			name = Release;
		};
		085AD4C82DBCC59800EEE96B /* Debug */ = {
			isa = XCBuildConfiguration;
			buildSettings = {
				ASSETCATALOG_COMPILER_APPICON_NAME = AppIcon;
				ASSETCATALOG_COMPILER_GLOBAL_ACCENT_COLOR_NAME = AccentColor;
				CODE_SIGN_STYLE = Automatic;
				CURRENT_PROJECT_VERSION = 1;
				DEVELOPMENT_TEAM = 3PDFUJSJGQ;
				ENABLE_PREVIEWS = YES;
				GENERATE_INFOPLIST_FILE = YES;
				INFOPLIST_KEY_UIApplicationSceneManifest_Generation = YES;
				INFOPLIST_KEY_UIApplicationSupportsIndirectInputEvents = YES;
				INFOPLIST_KEY_UILaunchScreen_Generation = YES;
				INFOPLIST_KEY_UISupportedInterfaceOrientations_iPad = "UIInterfaceOrientationPortrait UIInterfaceOrientationPortraitUpsideDown UIInterfaceOrientationLandscapeLeft UIInterfaceOrientationLandscapeRight";
				INFOPLIST_KEY_UISupportedInterfaceOrientations_iPhone = "UIInterfaceOrientationPortrait UIInterfaceOrientationLandscapeLeft UIInterfaceOrientationLandscapeRight";
				LD_RUNPATH_SEARCH_PATHS = (
					"$(inherited)",
					"@executable_path/Frameworks",
				);
				MARKETING_VERSION = 1.0;
				PRODUCT_BUNDLE_IDENTIFIER = test.vineet.Atlys;
				PRODUCT_NAME = "$(TARGET_NAME)";
				SWIFT_EMIT_LOC_STRINGS = YES;
				SWIFT_VERSION = 5.0;
				TARGETED_DEVICE_FAMILY = "1,2";
			};
			name = Debug;
		};
		085AD4C92DBCC59800EEE96B /* Release */ = {
			isa = XCBuildConfiguration;
			buildSettings = {
				ASSETCATALOG_COMPILER_APPICON_NAME = AppIcon;
				ASSETCATALOG_COMPILER_GLOBAL_ACCENT_COLOR_NAME = AccentColor;
				CODE_SIGN_STYLE = Automatic;
				CURRENT_PROJECT_VERSION = 1;
				DEVELOPMENT_TEAM = 3PDFUJSJGQ;
				ENABLE_PREVIEWS = YES;
				GENERATE_INFOPLIST_FILE = YES;
				INFOPLIST_KEY_UIApplicationSceneManifest_Generation = YES;
				INFOPLIST_KEY_UIApplicationSupportsIndirectInputEvents = YES;
				INFOPLIST_KEY_UILaunchScreen_Generation = YES;
				INFOPLIST_KEY_UISupportedInterfaceOrientations_iPad = "UIInterfaceOrientationPortrait UIInterfaceOrientationPortraitUpsideDown UIInterfaceOrientationLandscapeLeft UIInterfaceOrientationLandscapeRight";
				INFOPLIST_KEY_UISupportedInterfaceOrientations_iPhone = "UIInterfaceOrientationPortrait UIInterfaceOrientationLandscapeLeft UIInterfaceOrientationLandscapeRight";
				LD_RUNPATH_SEARCH_PATHS = (
					"$(inherited)",
					"@executable_path/Frameworks",
				);
				MARKETING_VERSION = 1.0;
				PRODUCT_BUNDLE_IDENTIFIER = test.vineet.Atlys;
				PRODUCT_NAME = "$(TARGET_NAME)";
				SWIFT_EMIT_LOC_STRINGS = YES;
				SWIFT_VERSION = 5.0;
				TARGETED_DEVICE_FAMILY = "1,2";
			};
			name = Release;
		};
		085AD4CB2DBCC59800EEE96B /* Debug */ = {
			isa = XCBuildConfiguration;
			buildSettings = {
				BUNDLE_LOADER = "$(TEST_HOST)";
				CODE_SIGN_STYLE = Automatic;
				CURRENT_PROJECT_VERSION = 1;
				DEVELOPMENT_TEAM = 64TW3ZZ3CG;
				GENERATE_INFOPLIST_FILE = YES;
				IPHONEOS_DEPLOYMENT_TARGET = 18.4;
				MARKETING_VERSION = 1.0;
				PRODUCT_BUNDLE_IDENTIFIER = test.vineet.AtlysTests;
				PRODUCT_NAME = "$(TARGET_NAME)";
				SWIFT_EMIT_LOC_STRINGS = NO;
				SWIFT_VERSION = 5.0;
				TARGETED_DEVICE_FAMILY = "1,2";
				TEST_HOST = "$(BUILT_PRODUCTS_DIR)/Atlys.app/$(BUNDLE_EXECUTABLE_FOLDER_PATH)/Atlys";
			};
			name = Debug;
		};
		085AD4CC2DBCC59800EEE96B /* Release */ = {
			isa = XCBuildConfiguration;
			buildSettings = {
				BUNDLE_LOADER = "$(TEST_HOST)";
				CODE_SIGN_STYLE = Automatic;
				CURRENT_PROJECT_VERSION = 1;
				DEVELOPMENT_TEAM = 64TW3ZZ3CG;
				GENERATE_INFOPLIST_FILE = YES;
				IPHONEOS_DEPLOYMENT_TARGET = 18.4;
				MARKETING_VERSION = 1.0;
				PRODUCT_BUNDLE_IDENTIFIER = test.vineet.AtlysTests;
				PRODUCT_NAME = "$(TARGET_NAME)";
				SWIFT_EMIT_LOC_STRINGS = NO;
				SWIFT_VERSION = 5.0;
				TARGETED_DEVICE_FAMILY = "1,2";
				TEST_HOST = "$(BUILT_PRODUCTS_DIR)/Atlys.app/$(BUNDLE_EXECUTABLE_FOLDER_PATH)/Atlys";
			};
			name = Release;
		};
		085AD4CE2DBCC59800EEE96B /* Debug */ = {
			isa = XCBuildConfiguration;
			buildSettings = {
				CODE_SIGN_STYLE = Automatic;
				CURRENT_PROJECT_VERSION = 1;
				DEVELOPMENT_TEAM = 64TW3ZZ3CG;
				GENERATE_INFOPLIST_FILE = YES;
				MARKETING_VERSION = 1.0;
				PRODUCT_BUNDLE_IDENTIFIER = test.vineet.AtlysUITests;
				PRODUCT_NAME = "$(TARGET_NAME)";
				SWIFT_EMIT_LOC_STRINGS = NO;
				SWIFT_VERSION = 5.0;
				TARGETED_DEVICE_FAMILY = "1,2";
				TEST_TARGET_NAME = Atlys;
			};
			name = Debug;
		};
		085AD4CF2DBCC59800EEE96B /* Release */ = {
			isa = XCBuildConfiguration;
			buildSettings = {
				CODE_SIGN_STYLE = Automatic;
				CURRENT_PROJECT_VERSION = 1;
				DEVELOPMENT_TEAM = 64TW3ZZ3CG;
				GENERATE_INFOPLIST_FILE = YES;
				MARKETING_VERSION = 1.0;
				PRODUCT_BUNDLE_IDENTIFIER = test.vineet.AtlysUITests;
				PRODUCT_NAME = "$(TARGET_NAME)";
				SWIFT_EMIT_LOC_STRINGS = NO;
				SWIFT_VERSION = 5.0;
				TARGETED_DEVICE_FAMILY = "1,2";
				TEST_TARGET_NAME = Atlys;
			};
			name = Release;
		};
/* End XCBuildConfiguration section */

/* Begin XCConfigurationList section */
		085AD4A12DBCC59600EEE96B /* Build configuration list for PBXProject "Atlys" */ = {
			isa = XCConfigurationList;
			buildConfigurations = (
				085AD4C52DBCC59800EEE96B /* Debug */,
				085AD4C62DBCC59800EEE96B /* Release */,
			);
			defaultConfigurationIsVisible = 0;
			defaultConfigurationName = Release;
		};
		085AD4C72DBCC59800EEE96B /* Build configuration list for PBXNativeTarget "Atlys" */ = {
			isa = XCConfigurationList;
			buildConfigurations = (
				085AD4C82DBCC59800EEE96B /* Debug */,
				085AD4C92DBCC59800EEE96B /* Release */,
			);
			defaultConfigurationIsVisible = 0;
			defaultConfigurationName = Release;
		};
		085AD4CA2DBCC59800EEE96B /* Build configuration list for PBXNativeTarget "AtlysTests" */ = {
			isa = XCConfigurationList;
			buildConfigurations = (
				085AD4CB2DBCC59800EEE96B /* Debug */,
				085AD4CC2DBCC59800EEE96B /* Release */,
			);
			defaultConfigurationIsVisible = 0;
			defaultConfigurationName = Release;
		};
		085AD4CD2DBCC59800EEE96B /* Build configuration list for PBXNativeTarget "AtlysUITests" */ = {
			isa = XCConfigurationList;
			buildConfigurations = (
				085AD4CE2DBCC59800EEE96B /* Debug */,
				085AD4CF2DBCC59800EEE96B /* Release */,
			);
			defaultConfigurationIsVisible = 0;
			defaultConfigurationName = Release;
		};
/* End XCConfigurationList section */
	};
	rootObject = 085AD49E2DBCC59600EEE96B /* Project object */;
}
